
Microsoft Visual Studio Solution File, Format Version 12.00
# Visual Studio Version 16
VisualStudioVersion = 16.0.30114.105
MinimumVisualStudioVersion = 10.0.40219.1
Project("{FAE04EC0-301F-11D3-BF4B-00C04F79EFBC}") = "CustomerApi.Service", "CustomerApi.Service\CustomerApi.Service.csproj", "{2CED28C9-E19D-4B3C-A644-84DC228EB3F0}"
EndProject
Project("{FAE04EC0-301F-11D3-BF4B-00C04F79EFBC}") = "CustomerApi", "CustomerApi\CustomerApi.csproj", "{299E0CFB-42DD-4871-ACEE-C5D064C48C59}"
EndProject
Project("{FAE04EC0-301F-11D3-BF4B-00C04F79EFBC}") = "CustomerApi.Data", "CustomerApi.Data\CustomerApi.Data.csproj", "{78BB48FD-6801-4D47-A4DB-D414F2398F8F}"
EndProject
Project("{FAE04EC0-301F-11D3-BF4B-00C04F79EFBC}") = "CustomerApi.Database", "CustomerApi.Database\CustomerApi.Database.csproj", "{8EEF5AF4-86A2-49C1-B627-F1DD90EB7A52}"
EndProject
Project("{FAE04EC0-301F-11D3-BF4B-00C04F79EFBC}") = "CustomerApi.Domain", "CustomerApi.Domain\CustomerApi.Domain.csproj", "{2BBD338E-7AE6-4545-A433-DAF471FA9C94}"
EndProject
Project("{FAE04EC0-301F-11D3-BF4B-00C04F79EFBC}") = "CustomerApi.Messaging.Send", "CustomerApi.Messaging.Send\CustomerApi.Messaging.Send.csproj", "{5DDCC610-88BB-47F2-B262-D0FAB0F4A45B}"
EndProject
Project("{2150E333-8FDC-42A3-9474-1A3956D46DE8}") = "Tests", "Tests", "{359D21B3-4B87-434A-A18C-82BE14F3137D}"
EndProject
Project("{FAE04EC0-301F-11D3-BF4B-00C04F79EFBC}") = "CustomerApi.Data.Test", "Tests\CustomerApi.Data.Test\CustomerApi.Data.Test.csproj", "{3B8BFA06-AEA5-4B22-85CB-4CBAE7474F69}"
EndProject
Project("{FAE04EC0-301F-11D3-BF4B-00C04F79EFBC}") = "CustomerApi.Test", "Tests\CustomerApi.Test\CustomerApi.Test.csproj", "{C2EE3A0E-17CB-4E23-B209-71CE99AFDB7F}"
EndProject
Project("{FAE04EC0-301F-11D3-BF4B-00C04F79EFBC}") = "CustomerApi.Service.Test", "Tests\CustomerApi.Service.Test\CustomerApi.Service.Test.csproj", "{3EDF4AC1-595C-4C22-96B2-C11AB7C633F9}"
EndProject
Global
	GlobalSection(SolutionConfigurationPlatforms) = preSolution
		Debug|Any CPU = Debug|Any CPU
		Debug|x64 = Debug|x64
		Debug|x86 = Debug|x86
		Release|Any CPU = Release|Any CPU
		Release|x64 = Release|x64
		Release|x86 = Release|x86
	EndGlobalSection
	GlobalSection(SolutionProperties) = preSolution
		HideSolutionNode = FALSE
	EndGlobalSection
	GlobalSection(ProjectConfigurationPlatforms) = postSolution
		{2CED28C9-E19D-4B3C-A644-84DC228EB3F0}.Debug|Any CPU.ActiveCfg = Debug|Any CPU
		{2CED28C9-E19D-4B3C-A644-84DC228EB3F0}.Debug|Any CPU.Build.0 = Debug|Any CPU
		{2CED28C9-E19D-4B3C-A644-84DC228EB3F0}.Debug|x64.ActiveCfg = Debug|Any CPU
		{2CED28C9-E19D-4B3C-A644-84DC228EB3F0}.Debug|x64.Build.0 = Debug|Any CPU
		{2CED28C9-E19D-4B3C-A644-84DC228EB3F0}.Debug|x86.ActiveCfg = Debug|Any CPU
		{2CED28C9-E19D-4B3C-A644-84DC228EB3F0}.Debug|x86.Build.0 = Debug|Any CPU
		{2CED28C9-E19D-4B3C-A644-84DC228EB3F0}.Release|Any CPU.ActiveCfg = Release|Any CPU
		{2CED28C9-E19D-4B3C-A644-84DC228EB3F0}.Release|Any CPU.Build.0 = Release|Any CPU
		{2CED28C9-E19D-4B3C-A644-84DC228EB3F0}.Release|x64.ActiveCfg = Release|Any CPU
		{2CED28C9-E19D-4B3C-A644-84DC228EB3F0}.Release|x64.Build.0 = Release|Any CPU
		{2CED28C9-E19D-4B3C-A644-84DC228EB3F0}.Release|x86.ActiveCfg = Release|Any CPU
		{2CED28C9-E19D-4B3C-A644-84DC228EB3F0}.Release|x86.Build.0 = Release|Any CPU
		{299E0CFB-42DD-4871-ACEE-C5D064C48C59}.Debug|Any CPU.ActiveCfg = Debug|Any CPU
		{299E0CFB-42DD-4871-ACEE-C5D064C48C59}.Debug|Any CPU.Build.0 = Debug|Any CPU
		{299E0CFB-42DD-4871-ACEE-C5D064C48C59}.Debug|x64.ActiveCfg = Debug|Any CPU
		{299E0CFB-42DD-4871-ACEE-C5D064C48C59}.Debug|x64.Build.0 = Debug|Any CPU
		{299E0CFB-42DD-4871-ACEE-C5D064C48C59}.Debug|x86.ActiveCfg = Debug|Any CPU
		{299E0CFB-42DD-4871-ACEE-C5D064C48C59}.Debug|x86.Build.0 = Debug|Any CPU
		{299E0CFB-42DD-4871-ACEE-C5D064C48C59}.Release|Any CPU.ActiveCfg = Release|Any CPU
		{299E0CFB-42DD-4871-ACEE-C5D064C48C59}.Release|Any CPU.Build.0 = Release|Any CPU
		{299E0CFB-42DD-4871-ACEE-C5D064C48C59}.Release|x64.ActiveCfg = Release|Any CPU
		{299E0CFB-42DD-4871-ACEE-C5D064C48C59}.Release|x64.Build.0 = Release|Any CPU
		{299E0CFB-42DD-4871-ACEE-C5D064C48C59}.Release|x86.ActiveCfg = Release|Any CPU
		{299E0CFB-42DD-4871-ACEE-C5D064C48C59}.Release|x86.Build.0 = Release|Any CPU
		{78BB48FD-6801-4D47-A4DB-D414F2398F8F}.Debug|Any CPU.ActiveCfg = Debug|Any CPU
		{78BB48FD-6801-4D47-A4DB-D414F2398F8F}.Debug|Any CPU.Build.0 = Debug|Any CPU
		{78BB48FD-6801-4D47-A4DB-D414F2398F8F}.Debug|x64.ActiveCfg = Debug|Any CPU
		{78BB48FD-6801-4D47-A4DB-D414F2398F8F}.Debug|x64.Build.0 = Debug|Any CPU
		{78BB48FD-6801-4D47-A4DB-D414F2398F8F}.Debug|x86.ActiveCfg = Debug|Any CPU
		{78BB48FD-6801-4D47-A4DB-D414F2398F8F}.Debug|x86.Build.0 = Debug|Any CPU
		{78BB48FD-6801-4D47-A4DB-D414F2398F8F}.Release|Any CPU.ActiveCfg = Release|Any CPU
		{78BB48FD-6801-4D47-A4DB-D414F2398F8F}.Release|Any CPU.Build.0 = Release|Any CPU
		{78BB48FD-6801-4D47-A4DB-D414F2398F8F}.Release|x64.ActiveCfg = Release|Any CPU
		{78BB48FD-6801-4D47-A4DB-D414F2398F8F}.Release|x64.Build.0 = Release|Any CPU
		{78BB48FD-6801-4D47-A4DB-D414F2398F8F}.Release|x86.ActiveCfg = Release|Any CPU
		{78BB48FD-6801-4D47-A4DB-D414F2398F8F}.Release|x86.Build.0 = Release|Any CPU
		{8EEF5AF4-86A2-49C1-B627-F1DD90EB7A52}.Debug|Any CPU.ActiveCfg = Debug|Any CPU
		{8EEF5AF4-86A2-49C1-B627-F1DD90EB7A52}.Debug|Any CPU.Build.0 = Debug|Any CPU
		{8EEF5AF4-86A2-49C1-B627-F1DD90EB7A52}.Debug|x64.ActiveCfg = Debug|Any CPU
		{8EEF5AF4-86A2-49C1-B627-F1DD90EB7A52}.Debug|x64.Build.0 = Debug|Any CPU
		{8EEF5AF4-86A2-49C1-B627-F1DD90EB7A52}.Debug|x86.ActiveCfg = Debug|Any CPU
		{8EEF5AF4-86A2-49C1-B627-F1DD90EB7A52}.Debug|x86.Build.0 = Debug|Any CPU
		{8EEF5AF4-86A2-49C1-B627-F1DD90EB7A52}.Release|Any CPU.ActiveCfg = Release|Any CPU
		{8EEF5AF4-86A2-49C1-B627-F1DD90EB7A52}.Release|Any CPU.Build.0 = Release|Any CPU
		{8EEF5AF4-86A2-49C1-B627-F1DD90EB7A52}.Release|x64.ActiveCfg = Release|Any CPU
		{8EEF5AF4-86A2-49C1-B627-F1DD90EB7A52}.Release|x64.Build.0 = Release|Any CPU
		{8EEF5AF4-86A2-49C1-B627-F1DD90EB7A52}.Release|x86.ActiveCfg = Release|Any CPU
		{8EEF5AF4-86A2-49C1-B627-F1DD90EB7A52}.Release|x86.Build.0 = Release|Any CPU
		{2BBD338E-7AE6-4545-A433-DAF471FA9C94}.Debug|Any CPU.ActiveCfg = Debug|Any CPU
		{2BBD338E-7AE6-4545-A433-DAF471FA9C94}.Debug|Any CPU.Build.0 = Debug|Any CPU
		{2BBD338E-7AE6-4545-A433-DAF471FA9C94}.Debug|x64.ActiveCfg = Debug|Any CPU
		{2BBD338E-7AE6-4545-A433-DAF471FA9C94}.Debug|x64.Build.0 = Debug|Any CPU
		{2BBD338E-7AE6-4545-A433-DAF471FA9C94}.Debug|x86.ActiveCfg = Debug|Any CPU
		{2BBD338E-7AE6-4545-A433-DAF471FA9C94}.Debug|x86.Build.0 = Debug|Any CPU
		{2BBD338E-7AE6-4545-A433-DAF471FA9C94}.Release|Any CPU.ActiveCfg = Release|Any CPU
		{2BBD338E-7AE6-4545-A433-DAF471FA9C94}.Release|Any CPU.Build.0 = Release|Any CPU
		{2BBD338E-7AE6-4545-A433-DAF471FA9C94}.Release|x64.ActiveCfg = Release|Any CPU
		{2BBD338E-7AE6-4545-A433-DAF471FA9C94}.Release|x64.Build.0 = Release|Any CPU
		{2BBD338E-7AE6-4545-A433-DAF471FA9C94}.Release|x86.ActiveCfg = Release|Any CPU
		{2BBD338E-7AE6-4545-A433-DAF471FA9C94}.Release|x86.Build.0 = Release|Any CPU
		{5DDCC610-88BB-47F2-B262-D0FAB0F4A45B}.Debug|Any CPU.ActiveCfg = Debug|Any CPU
		{5DDCC610-88BB-47F2-B262-D0FAB0F4A45B}.Debug|Any CPU.Build.0 = Debug|Any CPU
		{5DDCC610-88BB-47F2-B262-D0FAB0F4A45B}.Debug|x64.ActiveCfg = Debug|Any CPU
		{5DDCC610-88BB-47F2-B262-D0FAB0F4A45B}.Debug|x64.Build.0 = Debug|Any CPU
		{5DDCC610-88BB-47F2-B262-D0FAB0F4A45B}.Debug|x86.ActiveCfg = Debug|Any CPU
		{5DDCC610-88BB-47F2-B262-D0FAB0F4A45B}.Debug|x86.Build.0 = Debug|Any CPU
		{5DDCC610-88BB-47F2-B262-D0FAB0F4A45B}.Release|Any CPU.ActiveCfg = Release|Any CPU
		{5DDCC610-88BB-47F2-B262-D0FAB0F4A45B}.Release|Any CPU.Build.0 = Release|Any CPU
		{5DDCC610-88BB-47F2-B262-D0FAB0F4A45B}.Release|x64.ActiveCfg = Release|Any CPU
		{5DDCC610-88BB-47F2-B262-D0FAB0F4A45B}.Release|x64.Build.0 = Release|Any CPU
		{5DDCC610-88BB-47F2-B262-D0FAB0F4A45B}.Release|x86.ActiveCfg = Release|Any CPU
		{5DDCC610-88BB-47F2-B262-D0FAB0F4A45B}.Release|x86.Build.0 = Release|Any CPU
		{3B8BFA06-AEA5-4B22-85CB-4CBAE7474F69}.Debug|Any CPU.ActiveCfg = Debug|Any CPU
		{3B8BFA06-AEA5-4B22-85CB-4CBAE7474F69}.Debug|Any CPU.Build.0 = Debug|Any CPU
		{3B8BFA06-AEA5-4B22-85CB-4CBAE7474F69}.Debug|x64.ActiveCfg = Debug|Any CPU
		{3B8BFA06-AEA5-4B22-85CB-4CBAE7474F69}.Debug|x64.Build.0 = Debug|Any CPU
		{3B8BFA06-AEA5-4B22-85CB-4CBAE7474F69}.Debug|x86.ActiveCfg = Debug|Any CPU
		{3B8BFA06-AEA5-4B22-85CB-4CBAE7474F69}.Debug|x86.Build.0 = Debug|Any CPU
		{3B8BFA06-AEA5-4B22-85CB-4CBAE7474F69}.Release|Any CPU.ActiveCfg = Release|Any CPU
		{3B8BFA06-AEA5-4B22-85CB-4CBAE7474F69}.Release|Any CPU.Build.0 = Release|Any CPU
		{3B8BFA06-AEA5-4B22-85CB-4CBAE7474F69}.Release|x64.ActiveCfg = Release|Any CPU
		{3B8BFA06-AEA5-4B22-85CB-4CBAE7474F69}.Release|x64.Build.0 = Release|Any CPU
		{3B8BFA06-AEA5-4B22-85CB-4CBAE7474F69}.Release|x86.ActiveCfg = Release|Any CPU
		{3B8BFA06-AEA5-4B22-85CB-4CBAE7474F69}.Release|x86.Build.0 = Release|Any CPU
		{C2EE3A0E-17CB-4E23-B209-71CE99AFDB7F}.Debug|Any CPU.ActiveCfg = Debug|Any CPU
		{C2EE3A0E-17CB-4E23-B209-71CE99AFDB7F}.Debug|Any CPU.Build.0 = Debug|Any CPU
		{C2EE3A0E-17CB-4E23-B209-71CE99AFDB7F}.Debug|x64.ActiveCfg = Debug|Any CPU
		{C2EE3A0E-17CB-4E23-B209-71CE99AFDB7F}.Debug|x64.Build.0 = Debug|Any CPU
		{C2EE3A0E-17CB-4E23-B209-71CE99AFDB7F}.Debug|x86.ActiveCfg = Debug|Any CPU
		{C2EE3A0E-17CB-4E23-B209-71CE99AFDB7F}.Debug|x86.Build.0 = Debug|Any CPU
		{C2EE3A0E-17CB-4E23-B209-71CE99AFDB7F}.Release|Any CPU.ActiveCfg = Release|Any CPU
		{C2EE3A0E-17CB-4E23-B209-71CE99AFDB7F}.Release|Any CPU.Build.0 = Release|Any CPU
		{C2EE3A0E-17CB-4E23-B209-71CE99AFDB7F}.Release|x64.ActiveCfg = Release|Any CPU
		{C2EE3A0E-17CB-4E23-B209-71CE99AFDB7F}.Release|x64.Build.0 = Release|Any CPU
		{C2EE3A0E-17CB-4E23-B209-71CE99AFDB7F}.Release|x86.ActiveCfg = Release|Any CPU
		{C2EE3A0E-17CB-4E23-B209-71CE99AFDB7F}.Release|x86.Build.0 = Release|Any CPU
		{3EDF4AC1-595C-4C22-96B2-C11AB7C633F9}.Debug|Any CPU.ActiveCfg = Debug|Any CPU
		{3EDF4AC1-595C-4C22-96B2-C11AB7C633F9}.Debug|Any CPU.Build.0 = Debug|Any CPU
		{3EDF4AC1-595C-4C22-96B2-C11AB7C633F9}.Debug|x64.ActiveCfg = Debug|Any CPU
		{3EDF4AC1-595C-4C22-96B2-C11AB7C633F9}.Debug|x64.Build.0 = Debug|Any CPU
		{3EDF4AC1-595C-4C22-96B2-C11AB7C633F9}.Debug|x86.ActiveCfg = Debug|Any CPU
		{3EDF4AC1-595C-4C22-96B2-C11AB7C633F9}.Debug|x86.Build.0 = Debug|Any CPU
		{3EDF4AC1-595C-4C22-96B2-C11AB7C633F9}.Release|Any CPU.ActiveCfg = Release|Any CPU
		{3EDF4AC1-595C-4C22-96B2-C11AB7C633F9}.Release|Any CPU.Build.0 = Release|Any CPU
		{3EDF4AC1-595C-4C22-96B2-C11AB7C633F9}.Release|x64.ActiveCfg = Release|Any CPU
		{3EDF4AC1-595C-4C22-96B2-C11AB7C633F9}.Release|x64.Build.0 = Release|Any CPU
		{3EDF4AC1-595C-4C22-96B2-C11AB7C633F9}.Release|x86.ActiveCfg = Release|Any CPU
		{3EDF4AC1-595C-4C22-96B2-C11AB7C633F9}.Release|x86.Build.0 = Release|Any CPU
	EndGlobalSection
	GlobalSection(NestedProjects) = preSolution
		{3B8BFA06-AEA5-4B22-85CB-4CBAE7474F69} = {359D21B3-4B87-434A-A18C-82BE14F3137D}
		{C2EE3A0E-17CB-4E23-B209-71CE99AFDB7F} = {359D21B3-4B87-434A-A18C-82BE14F3137D}
		{3EDF4AC1-595C-4C22-96B2-C11AB7C633F9} = {359D21B3-4B87-434A-A18C-82BE14F3137D}
	EndGlobalSection
EndGlobal
