
Microsoft Visual Studio Solution File, Format Version 12.00
# Visual Studio Version 16
VisualStudioVersion = 16.0.30114.105
MinimumVisualStudioVersion = 10.0.40219.1
Project("{FAE04EC0-301F-11D3-BF4B-00C04F79EFBC}") = "OrderApi", "OrderApi\OrderApi.csproj", "{8B0B7C0C-0ED4-40EC-81BC-3FA10F16957A}"
EndProject
Project("{FAE04EC0-301F-11D3-BF4B-00C04F79EFBC}") = "OrderApi.Data", "OrderApi.Data\OrderApi.Data.csproj", "{A210E76F-7EC6-404C-9378-81C0E70AEE30}"
EndProject
Project("{FAE04EC0-301F-11D3-BF4B-00C04F79EFBC}") = "OrderApi.Domain", "OrderApi.Domain\OrderApi.Domain.csproj", "{4F887EFD-DDA0-4543-989B-361FBF1F7E1B}"
EndProject
Project("{FAE04EC0-301F-11D3-BF4B-00C04F79EFBC}") = "OrderApi.Messaging.Recieve", "OrderApi.Messaging.Recieve\OrderApi.Messaging.Recieve.csproj", "{2C81D993-8F65-4B3E-883C-26119E023C45}"
EndProject
Project("{FAE04EC0-301F-11D3-BF4B-00C04F79EFBC}") = "OrderApi.Service", "OrderApi.Service\OrderApi.Service.csproj", "{733BE78F-5DF8-477A-8C42-D8474EF4FB4E}"
EndProject
Project("{2150E333-8FDC-42A3-9474-1A3956D46DE8}") = "Tests", "Tests", "{2A27B705-25CA-41CC-8E2B-C39DA091309D}"
EndProject
Project("{FAE04EC0-301F-11D3-BF4B-00C04F79EFBC}") = "OrderApi.Data.Test", "Tests\OrderApi.Data.Test\OrderApi.Data.Test.csproj", "{29A781EA-A6B2-40BE-8D3C-594DCF5F98D2}"
EndProject
Project("{FAE04EC0-301F-11D3-BF4B-00C04F79EFBC}") = "OrderApi.Service.Test", "Tests\OrderApi.Service.Test\OrderApi.Service.Test.csproj", "{55549E7B-C893-41F3-9D98-B7ECC1B5DA54}"
EndProject
Project("{FAE04EC0-301F-11D3-BF4B-00C04F79EFBC}") = "OrderApi.Test", "Tests\OrderApi.Test\OrderApi.Test.csproj", "{24794816-8ED7-44E0-8529-2E4892C86F2F}"
EndProject
Global
	GlobalSection(SolutionConfigurationPlatforms) = preSolution
		Debug|Any CPU = Debug|Any CPU
		Debug|x64 = Debug|x64
		Debug|x86 = Debug|x86
		Release|Any CPU = Release|Any CPU
		Release|x64 = Release|x64
		Release|x86 = Release|x86
	EndGlobalSection
	GlobalSection(SolutionProperties) = preSolution
		HideSolutionNode = FALSE
	EndGlobalSection
	GlobalSection(ProjectConfigurationPlatforms) = postSolution
		{8B0B7C0C-0ED4-40EC-81BC-3FA10F16957A}.Debug|Any CPU.ActiveCfg = Debug|Any CPU
		{8B0B7C0C-0ED4-40EC-81BC-3FA10F16957A}.Debug|Any CPU.Build.0 = Debug|Any CPU
		{8B0B7C0C-0ED4-40EC-81BC-3FA10F16957A}.Debug|x64.ActiveCfg = Debug|Any CPU
		{8B0B7C0C-0ED4-40EC-81BC-3FA10F16957A}.Debug|x64.Build.0 = Debug|Any CPU
		{8B0B7C0C-0ED4-40EC-81BC-3FA10F16957A}.Debug|x86.ActiveCfg = Debug|Any CPU
		{8B0B7C0C-0ED4-40EC-81BC-3FA10F16957A}.Debug|x86.Build.0 = Debug|Any CPU
		{8B0B7C0C-0ED4-40EC-81BC-3FA10F16957A}.Release|Any CPU.ActiveCfg = Release|Any CPU
		{8B0B7C0C-0ED4-40EC-81BC-3FA10F16957A}.Release|Any CPU.Build.0 = Release|Any CPU
		{8B0B7C0C-0ED4-40EC-81BC-3FA10F16957A}.Release|x64.ActiveCfg = Release|Any CPU
		{8B0B7C0C-0ED4-40EC-81BC-3FA10F16957A}.Release|x64.Build.0 = Release|Any CPU
		{8B0B7C0C-0ED4-40EC-81BC-3FA10F16957A}.Release|x86.ActiveCfg = Release|Any CPU
		{8B0B7C0C-0ED4-40EC-81BC-3FA10F16957A}.Release|x86.Build.0 = Release|Any CPU
		{A210E76F-7EC6-404C-9378-81C0E70AEE30}.Debug|Any CPU.ActiveCfg = Debug|Any CPU
		{A210E76F-7EC6-404C-9378-81C0E70AEE30}.Debug|Any CPU.Build.0 = Debug|Any CPU
		{A210E76F-7EC6-404C-9378-81C0E70AEE30}.Debug|x64.ActiveCfg = Debug|Any CPU
		{A210E76F-7EC6-404C-9378-81C0E70AEE30}.Debug|x64.Build.0 = Debug|Any CPU
		{A210E76F-7EC6-404C-9378-81C0E70AEE30}.Debug|x86.ActiveCfg = Debug|Any CPU
		{A210E76F-7EC6-404C-9378-81C0E70AEE30}.Debug|x86.Build.0 = Debug|Any CPU
		{A210E76F-7EC6-404C-9378-81C0E70AEE30}.Release|Any CPU.ActiveCfg = Release|Any CPU
		{A210E76F-7EC6-404C-9378-81C0E70AEE30}.Release|Any CPU.Build.0 = Release|Any CPU
		{A210E76F-7EC6-404C-9378-81C0E70AEE30}.Release|x64.ActiveCfg = Release|Any CPU
		{A210E76F-7EC6-404C-9378-81C0E70AEE30}.Release|x64.Build.0 = Release|Any CPU
		{A210E76F-7EC6-404C-9378-81C0E70AEE30}.Release|x86.ActiveCfg = Release|Any CPU
		{A210E76F-7EC6-404C-9378-81C0E70AEE30}.Release|x86.Build.0 = Release|Any CPU
		{4F887EFD-DDA0-4543-989B-361FBF1F7E1B}.Debug|Any CPU.ActiveCfg = Debug|Any CPU
		{4F887EFD-DDA0-4543-989B-361FBF1F7E1B}.Debug|Any CPU.Build.0 = Debug|Any CPU
		{4F887EFD-DDA0-4543-989B-361FBF1F7E1B}.Debug|x64.ActiveCfg = Debug|Any CPU
		{4F887EFD-DDA0-4543-989B-361FBF1F7E1B}.Debug|x64.Build.0 = Debug|Any CPU
		{4F887EFD-DDA0-4543-989B-361FBF1F7E1B}.Debug|x86.ActiveCfg = Debug|Any CPU
		{4F887EFD-DDA0-4543-989B-361FBF1F7E1B}.Debug|x86.Build.0 = Debug|Any CPU
		{4F887EFD-DDA0-4543-989B-361FBF1F7E1B}.Release|Any CPU.ActiveCfg = Release|Any CPU
		{4F887EFD-DDA0-4543-989B-361FBF1F7E1B}.Release|Any CPU.Build.0 = Release|Any CPU
		{4F887EFD-DDA0-4543-989B-361FBF1F7E1B}.Release|x64.ActiveCfg = Release|Any CPU
		{4F887EFD-DDA0-4543-989B-361FBF1F7E1B}.Release|x64.Build.0 = Release|Any CPU
		{4F887EFD-DDA0-4543-989B-361FBF1F7E1B}.Release|x86.ActiveCfg = Release|Any CPU
		{4F887EFD-DDA0-4543-989B-361FBF1F7E1B}.Release|x86.Build.0 = Release|Any CPU
		{2C81D993-8F65-4B3E-883C-26119E023C45}.Debug|Any CPU.ActiveCfg = Debug|Any CPU
		{2C81D993-8F65-4B3E-883C-26119E023C45}.Debug|Any CPU.Build.0 = Debug|Any CPU
		{2C81D993-8F65-4B3E-883C-26119E023C45}.Debug|x64.ActiveCfg = Debug|Any CPU
		{2C81D993-8F65-4B3E-883C-26119E023C45}.Debug|x64.Build.0 = Debug|Any CPU
		{2C81D993-8F65-4B3E-883C-26119E023C45}.Debug|x86.ActiveCfg = Debug|Any CPU
		{2C81D993-8F65-4B3E-883C-26119E023C45}.Debug|x86.Build.0 = Debug|Any CPU
		{2C81D993-8F65-4B3E-883C-26119E023C45}.Release|Any CPU.ActiveCfg = Release|Any CPU
		{2C81D993-8F65-4B3E-883C-26119E023C45}.Release|Any CPU.Build.0 = Release|Any CPU
		{2C81D993-8F65-4B3E-883C-26119E023C45}.Release|x64.ActiveCfg = Release|Any CPU
		{2C81D993-8F65-4B3E-883C-26119E023C45}.Release|x64.Build.0 = Release|Any CPU
		{2C81D993-8F65-4B3E-883C-26119E023C45}.Release|x86.ActiveCfg = Release|Any CPU
		{2C81D993-8F65-4B3E-883C-26119E023C45}.Release|x86.Build.0 = Release|Any CPU
		{733BE78F-5DF8-477A-8C42-D8474EF4FB4E}.Debug|Any CPU.ActiveCfg = Debug|Any CPU
		{733BE78F-5DF8-477A-8C42-D8474EF4FB4E}.Debug|Any CPU.Build.0 = Debug|Any CPU
		{733BE78F-5DF8-477A-8C42-D8474EF4FB4E}.Debug|x64.ActiveCfg = Debug|Any CPU
		{733BE78F-5DF8-477A-8C42-D8474EF4FB4E}.Debug|x64.Build.0 = Debug|Any CPU
		{733BE78F-5DF8-477A-8C42-D8474EF4FB4E}.Debug|x86.ActiveCfg = Debug|Any CPU
		{733BE78F-5DF8-477A-8C42-D8474EF4FB4E}.Debug|x86.Build.0 = Debug|Any CPU
		{733BE78F-5DF8-477A-8C42-D8474EF4FB4E}.Release|Any CPU.ActiveCfg = Release|Any CPU
		{733BE78F-5DF8-477A-8C42-D8474EF4FB4E}.Release|Any CPU.Build.0 = Release|Any CPU
		{733BE78F-5DF8-477A-8C42-D8474EF4FB4E}.Release|x64.ActiveCfg = Release|Any CPU
		{733BE78F-5DF8-477A-8C42-D8474EF4FB4E}.Release|x64.Build.0 = Release|Any CPU
		{733BE78F-5DF8-477A-8C42-D8474EF4FB4E}.Release|x86.ActiveCfg = Release|Any CPU
		{733BE78F-5DF8-477A-8C42-D8474EF4FB4E}.Release|x86.Build.0 = Release|Any CPU
		{29A781EA-A6B2-40BE-8D3C-594DCF5F98D2}.Debug|Any CPU.ActiveCfg = Debug|Any CPU
		{29A781EA-A6B2-40BE-8D3C-594DCF5F98D2}.Debug|Any CPU.Build.0 = Debug|Any CPU
		{29A781EA-A6B2-40BE-8D3C-594DCF5F98D2}.Debug|x64.ActiveCfg = Debug|Any CPU
		{29A781EA-A6B2-40BE-8D3C-594DCF5F98D2}.Debug|x64.Build.0 = Debug|Any CPU
		{29A781EA-A6B2-40BE-8D3C-594DCF5F98D2}.Debug|x86.ActiveCfg = Debug|Any CPU
		{29A781EA-A6B2-40BE-8D3C-594DCF5F98D2}.Debug|x86.Build.0 = Debug|Any CPU
		{29A781EA-A6B2-40BE-8D3C-594DCF5F98D2}.Release|Any CPU.ActiveCfg = Release|Any CPU
		{29A781EA-A6B2-40BE-8D3C-594DCF5F98D2}.Release|Any CPU.Build.0 = Release|Any CPU
		{29A781EA-A6B2-40BE-8D3C-594DCF5F98D2}.Release|x64.ActiveCfg = Release|Any CPU
		{29A781EA-A6B2-40BE-8D3C-594DCF5F98D2}.Release|x64.Build.0 = Release|Any CPU
		{29A781EA-A6B2-40BE-8D3C-594DCF5F98D2}.Release|x86.ActiveCfg = Release|Any CPU
		{29A781EA-A6B2-40BE-8D3C-594DCF5F98D2}.Release|x86.Build.0 = Release|Any CPU
		{55549E7B-C893-41F3-9D98-B7ECC1B5DA54}.Debug|Any CPU.ActiveCfg = Debug|Any CPU
		{55549E7B-C893-41F3-9D98-B7ECC1B5DA54}.Debug|Any CPU.Build.0 = Debug|Any CPU
		{55549E7B-C893-41F3-9D98-B7ECC1B5DA54}.Debug|x64.ActiveCfg = Debug|Any CPU
		{55549E7B-C893-41F3-9D98-B7ECC1B5DA54}.Debug|x64.Build.0 = Debug|Any CPU
		{55549E7B-C893-41F3-9D98-B7ECC1B5DA54}.Debug|x86.ActiveCfg = Debug|Any CPU
		{55549E7B-C893-41F3-9D98-B7ECC1B5DA54}.Debug|x86.Build.0 = Debug|Any CPU
		{55549E7B-C893-41F3-9D98-B7ECC1B5DA54}.Release|Any CPU.ActiveCfg = Release|Any CPU
		{55549E7B-C893-41F3-9D98-B7ECC1B5DA54}.Release|Any CPU.Build.0 = Release|Any CPU
		{55549E7B-C893-41F3-9D98-B7ECC1B5DA54}.Release|x64.ActiveCfg = Release|Any CPU
		{55549E7B-C893-41F3-9D98-B7ECC1B5DA54}.Release|x64.Build.0 = Release|Any CPU
		{55549E7B-C893-41F3-9D98-B7ECC1B5DA54}.Release|x86.ActiveCfg = Release|Any CPU
		{55549E7B-C893-41F3-9D98-B7ECC1B5DA54}.Release|x86.Build.0 = Release|Any CPU
		{24794816-8ED7-44E0-8529-2E4892C86F2F}.Debug|Any CPU.ActiveCfg = Debug|Any CPU
		{24794816-8ED7-44E0-8529-2E4892C86F2F}.Debug|Any CPU.Build.0 = Debug|Any CPU
		{24794816-8ED7-44E0-8529-2E4892C86F2F}.Debug|x64.ActiveCfg = Debug|Any CPU
		{24794816-8ED7-44E0-8529-2E4892C86F2F}.Debug|x64.Build.0 = Debug|Any CPU
		{24794816-8ED7-44E0-8529-2E4892C86F2F}.Debug|x86.ActiveCfg = Debug|Any CPU
		{24794816-8ED7-44E0-8529-2E4892C86F2F}.Debug|x86.Build.0 = Debug|Any CPU
		{24794816-8ED7-44E0-8529-2E4892C86F2F}.Release|Any CPU.ActiveCfg = Release|Any CPU
		{24794816-8ED7-44E0-8529-2E4892C86F2F}.Release|Any CPU.Build.0 = Release|Any CPU
		{24794816-8ED7-44E0-8529-2E4892C86F2F}.Release|x64.ActiveCfg = Release|Any CPU
		{24794816-8ED7-44E0-8529-2E4892C86F2F}.Release|x64.Build.0 = Release|Any CPU
		{24794816-8ED7-44E0-8529-2E4892C86F2F}.Release|x86.ActiveCfg = Release|Any CPU
		{24794816-8ED7-44E0-8529-2E4892C86F2F}.Release|x86.Build.0 = Release|Any CPU
	EndGlobalSection
	GlobalSection(NestedProjects) = preSolution
		{29A781EA-A6B2-40BE-8D3C-594DCF5F98D2} = {2A27B705-25CA-41CC-8E2B-C39DA091309D}
		{55549E7B-C893-41F3-9D98-B7ECC1B5DA54} = {2A27B705-25CA-41CC-8E2B-C39DA091309D}
		{24794816-8ED7-44E0-8529-2E4892C86F2F} = {2A27B705-25CA-41CC-8E2B-C39DA091309D}
	EndGlobalSection
EndGlobal
